
Microsoft Visual Studio Solution File, Format Version 12.00
# Visual Studio Version 17
VisualStudioVersion = 17.11.35312.102
MinimumVisualStudioVersion = 10.0.40219.1
Project("{9A19103F-16F7-4668-BE54-9A1E7A4F7556}") = "StreamStore", "StreamStore\StreamStore.csproj", "{44558F90-6A77-40D5-B810-A697ADA4AB51}"
EndProject
Project("{9A19103F-16F7-4668-BE54-9A1E7A4F7556}") = "StreamStore.Contracts", "StreamStore.Contracts\StreamStore.Contracts.csproj", "{445A8F1D-070A-4024-B940-132105D4C126}"
EndProject
Project("{9A19103F-16F7-4668-BE54-9A1E7A4F7556}") = "StreamStore.Tests", "StreamStore.Tests\StreamStore.Tests.csproj", "{FC9AEA57-A43F-4214-8857-64B1A8D472BE}"
EndProject
Project("{2150E333-8FDC-42A3-9474-1A3956D46DE8}") = "Solution Items", "Solution Items", "{FB5B9709-C9BC-4CEC-9CDD-61406E1CFB32}"
	ProjectSection(SolutionItems) = preProject
		.editorconfig = .editorconfig
		README.md = README.md
	EndProjectSection
EndProject
Project("{9A19103F-16F7-4668-BE54-9A1E7A4F7556}") = "StreamStore.S3", "StreamStore.S3\StreamStore.S3.csproj", "{C2C511D7-4A09-431E-8001-C68441BE5871}"
EndProject
Project("{9A19103F-16F7-4668-BE54-9A1E7A4F7556}") = "StreamStore.S3.Tests", "StreamStore.S3.Tests\StreamStore.S3.Tests.csproj", "{2E3644CB-C3A7-4161-B2E0-74F0DDC5A375}"
EndProject
Project("{9A19103F-16F7-4668-BE54-9A1E7A4F7556}") = "StreamStore.S3.B2", "StreamStore.S3.B2\StreamStore.S3.B2.csproj", "{93C16E36-05EE-4D3F-AC0B-04CDB851E30E}"
EndProject
Project("{9A19103F-16F7-4668-BE54-9A1E7A4F7556}") = "StreamStore.Testing", "StreamStore.Testing\StreamStore.Testing.csproj", "{0A4ECEE2-A275-4324-A455-5149C96AB937}"
EndProject
Project("{2150E333-8FDC-42A3-9474-1A3956D46DE8}") = "S3", "S3", "{E0544129-B157-4BE7-AB8E-527DCAB0774E}"
EndProject
Project("{9A19103F-16F7-4668-BE54-9A1E7A4F7556}") = "StreamStore.InMemory", "StreamStore.InMemory\StreamStore.InMemory.csproj", "{CF164C1F-7A62-4A3F-8CCA-AFE7A0F8D991}"
EndProject
Project("{9A19103F-16F7-4668-BE54-9A1E7A4F7556}") = "StreamStore.Serialization", "StreamStore.Serialization\StreamStore.Serialization.csproj", "{01D67992-EF4F-4879-8616-664EDC6F44D1}"
EndProject
Project("{9A19103F-16F7-4668-BE54-9A1E7A4F7556}") = "StreamStore.S3.Example", "StreamStore.S3.Example\StreamStore.S3.Example.csproj", "{F7F1484E-7ED7-42E5-9987-2D3639608D85}"
EndProject
Project("{9A19103F-16F7-4668-BE54-9A1E7A4F7556}") = "StreamStore.S3.AWS", "StreamStore.S3.AWS\StreamStore.S3.AWS.csproj", "{2FDEE61D-6A8C-4151-8E06-2918D85F5FF0}"
EndProject
Project("{2150E333-8FDC-42A3-9474-1A3956D46DE8}") = "Serialization", "Serialization", "{DFEC3388-4A7D-402C-9CAA-3F1B8FFBB6CC}"
EndProject
Project("{9A19103F-16F7-4668-BE54-9A1E7A4F7556}") = "StreamStore.Serialization.Protobuf", "StreamStore.Serialization.Protobuf\StreamStore.Serialization.Protobuf.csproj", "{5BAACA75-9DFC-4FA6-B7A3-5F8E226B25ED}"
EndProject
Project("{2150E333-8FDC-42A3-9474-1A3956D46DE8}") = "Sql", "Sql", "{002945CF-F758-43CE-A5B3-E43A27D550CA}"
EndProject
Project("{9A19103F-16F7-4668-BE54-9A1E7A4F7556}") = "StreamStore.Sql", "StreamStore.Sql\StreamStore.Sql.csproj", "{1991097B-D38E-4741-8366-B0A945CB8955}"
EndProject
Project("{9A19103F-16F7-4668-BE54-9A1E7A4F7556}") = "StreamStore.Sql.Example", "StreamStore.Sql.Example\StreamStore.Sql.Example.csproj", "{C38E50D4-8B90-43EC-8298-B911AC1F0CCE}"
EndProject
Project("{9A19103F-16F7-4668-BE54-9A1E7A4F7556}") = "StreamStore.ExampleBase", "StreamStore.ExampleBase\StreamStore.ExampleBase.csproj", "{D2280E8F-34D6-47E0-BB07-6AA77C4D0D0B}"
EndProject
Project("{9A19103F-16F7-4668-BE54-9A1E7A4F7556}") = "StreamStore.Sql.Sqlite", "StreamStore.Sql.Sqlite\StreamStore.Sql.Sqlite.csproj", "{AD05AFA0-3288-40BA-B50B-5C32C9B3FFAA}"
EndProject
Project("{9A19103F-16F7-4668-BE54-9A1E7A4F7556}") = "StreamStore.Sql.Tests", "StreamStore.Sql.Tests\StreamStore.Sql.Tests.csproj", "{3F715189-A188-40D7-9BF3-F3CBA53DD2D9}"
EndProject
Project("{9A19103F-16F7-4668-BE54-9A1E7A4F7556}") = "StreamStore.InMemory.Tests", "StreamStore.InMemory.Tests\StreamStore.InMemory.Tests.csproj", "{E8607110-04DA-4425-86C3-C9E79922F098}"
EndProject
Project("{2150E333-8FDC-42A3-9474-1A3956D46DE8}") = "InMemory", "InMemory", "{A3C953F8-4070-4638-B51F-88A613ED602C}"
EndProject
Project("{9A19103F-16F7-4668-BE54-9A1E7A4F7556}") = "StreamStore.Serialization.Tests", "StreamStore.Serialization.Tests\StreamStore.Serialization.Tests.csproj", "{47EC6059-929B-451B-9AC5-46AFEC1499F3}"
EndProject
Project("{9A19103F-16F7-4668-BE54-9A1E7A4F7556}") = "StreamStore.Sql.PostgreSql", "StreamStore.Sql.PostgreSql\StreamStore.Sql.PostgreSql.csproj", "{92656745-ED2D-4C8F-8BD2-A34BC1BBA2E8}"
EndProject
Project("{2150E333-8FDC-42A3-9474-1A3956D46DE8}") = "NoSQL", "NoSQL", "{B088C377-25AC-4BA6-AF83-33DC2733BE97}"
EndProject
Project("{9A19103F-16F7-4668-BE54-9A1E7A4F7556}") = "StreamStore.NoSql.Cassandra", "StreamStore.NoSql.Cassandra\StreamStore.NoSql.Cassandra.csproj", "{2659C1AB-E659-440C-BB15-F1DF33385F76}"
EndProject
Project("{9A19103F-16F7-4668-BE54-9A1E7A4F7556}") = "StreamStore.NoSql.Tests", "StreamStore.NoSql.Tests\StreamStore.NoSql.Tests.csproj", "{D39E9075-E36B-4DFA-8BD7-27430865F09F}"
EndProject
Project("{FAE04EC0-301F-11D3-BF4B-00C04F79EFBC}") = "StreamStore.NoSql.Example", "StreamStore.NoSql.Example\StreamStore.NoSql.Example.csproj", "{0364ACFC-A846-407D-AE6D-93BC2BD6BD95}"
EndProject
Project("{2150E333-8FDC-42A3-9474-1A3956D46DE8}") = "Examples", "Examples", "{5E8E5B65-C4EB-478C-88E0-C1BE992C381F}"
EndProject
Project("{FAE04EC0-301F-11D3-BF4B-00C04F79EFBC}") = "StreamStore.Storage", "StreamStore.Storage\StreamStore.Storage.csproj", "{88227196-D819-4F7E-90A1-F205C57486D7}"
EndProject
Project("{2150E333-8FDC-42A3-9474-1A3956D46DE8}") = "Diagrams", "Diagrams", "{02EA681E-C7D8-13C7-8484-4AC65E1B71E8}"
	ProjectSection(SolutionItems) = preProject
		StreamStore.Contracts\Exceptions\Exceptions.cd = StreamStore.Contracts\Exceptions\Exceptions.cd
		StreamStore.S3\Storage\S3Storage.cd = StreamStore.S3\Storage\S3Storage.cd
		StreamStore.Serialization\Serialization.cd = StreamStore.Serialization\Serialization.cd
		StreamStore.Storage\Storage.cd = StreamStore.Storage\Storage.cd
		StreamStore\Store\Store.cd = StreamStore\Store\Store.cd
	EndProjectSection
EndProject
Global
	GlobalSection(SolutionConfigurationPlatforms) = preSolution
		Debug|Any CPU = Debug|Any CPU
		Release|Any CPU = Release|Any CPU
	EndGlobalSection
	GlobalSection(ProjectConfigurationPlatforms) = postSolution
		{44558F90-6A77-40D5-B810-A697ADA4AB51}.Debug|Any CPU.ActiveCfg = Debug|Any CPU
		{44558F90-6A77-40D5-B810-A697ADA4AB51}.Debug|Any CPU.Build.0 = Debug|Any CPU
		{44558F90-6A77-40D5-B810-A697ADA4AB51}.Release|Any CPU.ActiveCfg = Release|Any CPU
		{44558F90-6A77-40D5-B810-A697ADA4AB51}.Release|Any CPU.Build.0 = Release|Any CPU
		{445A8F1D-070A-4024-B940-132105D4C126}.Debug|Any CPU.ActiveCfg = Debug|Any CPU
		{445A8F1D-070A-4024-B940-132105D4C126}.Debug|Any CPU.Build.0 = Debug|Any CPU
		{445A8F1D-070A-4024-B940-132105D4C126}.Release|Any CPU.ActiveCfg = Release|Any CPU
		{445A8F1D-070A-4024-B940-132105D4C126}.Release|Any CPU.Build.0 = Release|Any CPU
		{FC9AEA57-A43F-4214-8857-64B1A8D472BE}.Debug|Any CPU.ActiveCfg = Debug|Any CPU
		{FC9AEA57-A43F-4214-8857-64B1A8D472BE}.Debug|Any CPU.Build.0 = Debug|Any CPU
		{FC9AEA57-A43F-4214-8857-64B1A8D472BE}.Release|Any CPU.ActiveCfg = Release|Any CPU
		{FC9AEA57-A43F-4214-8857-64B1A8D472BE}.Release|Any CPU.Build.0 = Release|Any CPU
		{C2C511D7-4A09-431E-8001-C68441BE5871}.Debug|Any CPU.ActiveCfg = Debug|Any CPU
		{C2C511D7-4A09-431E-8001-C68441BE5871}.Debug|Any CPU.Build.0 = Debug|Any CPU
		{C2C511D7-4A09-431E-8001-C68441BE5871}.Release|Any CPU.ActiveCfg = Release|Any CPU
		{C2C511D7-4A09-431E-8001-C68441BE5871}.Release|Any CPU.Build.0 = Release|Any CPU
		{2E3644CB-C3A7-4161-B2E0-74F0DDC5A375}.Debug|Any CPU.ActiveCfg = Debug|Any CPU
		{2E3644CB-C3A7-4161-B2E0-74F0DDC5A375}.Debug|Any CPU.Build.0 = Debug|Any CPU
		{2E3644CB-C3A7-4161-B2E0-74F0DDC5A375}.Release|Any CPU.ActiveCfg = Release|Any CPU
		{2E3644CB-C3A7-4161-B2E0-74F0DDC5A375}.Release|Any CPU.Build.0 = Release|Any CPU
		{93C16E36-05EE-4D3F-AC0B-04CDB851E30E}.Debug|Any CPU.ActiveCfg = Debug|Any CPU
		{93C16E36-05EE-4D3F-AC0B-04CDB851E30E}.Debug|Any CPU.Build.0 = Debug|Any CPU
		{93C16E36-05EE-4D3F-AC0B-04CDB851E30E}.Release|Any CPU.ActiveCfg = Release|Any CPU
		{93C16E36-05EE-4D3F-AC0B-04CDB851E30E}.Release|Any CPU.Build.0 = Release|Any CPU
		{0A4ECEE2-A275-4324-A455-5149C96AB937}.Debug|Any CPU.ActiveCfg = Debug|Any CPU
		{0A4ECEE2-A275-4324-A455-5149C96AB937}.Debug|Any CPU.Build.0 = Debug|Any CPU
		{0A4ECEE2-A275-4324-A455-5149C96AB937}.Release|Any CPU.ActiveCfg = Release|Any CPU
		{0A4ECEE2-A275-4324-A455-5149C96AB937}.Release|Any CPU.Build.0 = Release|Any CPU
		{CF164C1F-7A62-4A3F-8CCA-AFE7A0F8D991}.Debug|Any CPU.ActiveCfg = Debug|Any CPU
		{CF164C1F-7A62-4A3F-8CCA-AFE7A0F8D991}.Debug|Any CPU.Build.0 = Debug|Any CPU
		{CF164C1F-7A62-4A3F-8CCA-AFE7A0F8D991}.Release|Any CPU.ActiveCfg = Release|Any CPU
		{CF164C1F-7A62-4A3F-8CCA-AFE7A0F8D991}.Release|Any CPU.Build.0 = Release|Any CPU
		{01D67992-EF4F-4879-8616-664EDC6F44D1}.Debug|Any CPU.ActiveCfg = Debug|Any CPU
		{01D67992-EF4F-4879-8616-664EDC6F44D1}.Debug|Any CPU.Build.0 = Debug|Any CPU
		{01D67992-EF4F-4879-8616-664EDC6F44D1}.Release|Any CPU.ActiveCfg = Release|Any CPU
		{01D67992-EF4F-4879-8616-664EDC6F44D1}.Release|Any CPU.Build.0 = Release|Any CPU
		{F7F1484E-7ED7-42E5-9987-2D3639608D85}.Debug|Any CPU.ActiveCfg = Debug|Any CPU
		{F7F1484E-7ED7-42E5-9987-2D3639608D85}.Debug|Any CPU.Build.0 = Debug|Any CPU
		{F7F1484E-7ED7-42E5-9987-2D3639608D85}.Release|Any CPU.ActiveCfg = Release|Any CPU
		{F7F1484E-7ED7-42E5-9987-2D3639608D85}.Release|Any CPU.Build.0 = Release|Any CPU
		{2FDEE61D-6A8C-4151-8E06-2918D85F5FF0}.Debug|Any CPU.ActiveCfg = Debug|Any CPU
		{2FDEE61D-6A8C-4151-8E06-2918D85F5FF0}.Debug|Any CPU.Build.0 = Debug|Any CPU
		{2FDEE61D-6A8C-4151-8E06-2918D85F5FF0}.Release|Any CPU.ActiveCfg = Release|Any CPU
		{2FDEE61D-6A8C-4151-8E06-2918D85F5FF0}.Release|Any CPU.Build.0 = Release|Any CPU
		{5BAACA75-9DFC-4FA6-B7A3-5F8E226B25ED}.Debug|Any CPU.ActiveCfg = Debug|Any CPU
		{5BAACA75-9DFC-4FA6-B7A3-5F8E226B25ED}.Debug|Any CPU.Build.0 = Debug|Any CPU
		{5BAACA75-9DFC-4FA6-B7A3-5F8E226B25ED}.Release|Any CPU.ActiveCfg = Release|Any CPU
		{5BAACA75-9DFC-4FA6-B7A3-5F8E226B25ED}.Release|Any CPU.Build.0 = Release|Any CPU
		{1991097B-D38E-4741-8366-B0A945CB8955}.Debug|Any CPU.ActiveCfg = Debug|Any CPU
		{1991097B-D38E-4741-8366-B0A945CB8955}.Debug|Any CPU.Build.0 = Debug|Any CPU
		{1991097B-D38E-4741-8366-B0A945CB8955}.Release|Any CPU.ActiveCfg = Release|Any CPU
		{1991097B-D38E-4741-8366-B0A945CB8955}.Release|Any CPU.Build.0 = Release|Any CPU
		{C38E50D4-8B90-43EC-8298-B911AC1F0CCE}.Debug|Any CPU.ActiveCfg = Debug|Any CPU
		{C38E50D4-8B90-43EC-8298-B911AC1F0CCE}.Debug|Any CPU.Build.0 = Debug|Any CPU
		{C38E50D4-8B90-43EC-8298-B911AC1F0CCE}.Release|Any CPU.ActiveCfg = Release|Any CPU
		{C38E50D4-8B90-43EC-8298-B911AC1F0CCE}.Release|Any CPU.Build.0 = Release|Any CPU
		{D2280E8F-34D6-47E0-BB07-6AA77C4D0D0B}.Debug|Any CPU.ActiveCfg = Debug|Any CPU
		{D2280E8F-34D6-47E0-BB07-6AA77C4D0D0B}.Debug|Any CPU.Build.0 = Debug|Any CPU
		{D2280E8F-34D6-47E0-BB07-6AA77C4D0D0B}.Release|Any CPU.ActiveCfg = Release|Any CPU
		{D2280E8F-34D6-47E0-BB07-6AA77C4D0D0B}.Release|Any CPU.Build.0 = Release|Any CPU
		{AD05AFA0-3288-40BA-B50B-5C32C9B3FFAA}.Debug|Any CPU.ActiveCfg = Debug|Any CPU
		{AD05AFA0-3288-40BA-B50B-5C32C9B3FFAA}.Debug|Any CPU.Build.0 = Debug|Any CPU
		{AD05AFA0-3288-40BA-B50B-5C32C9B3FFAA}.Release|Any CPU.ActiveCfg = Release|Any CPU
		{AD05AFA0-3288-40BA-B50B-5C32C9B3FFAA}.Release|Any CPU.Build.0 = Release|Any CPU
		{3F715189-A188-40D7-9BF3-F3CBA53DD2D9}.Debug|Any CPU.ActiveCfg = Debug|Any CPU
		{3F715189-A188-40D7-9BF3-F3CBA53DD2D9}.Debug|Any CPU.Build.0 = Debug|Any CPU
		{3F715189-A188-40D7-9BF3-F3CBA53DD2D9}.Release|Any CPU.ActiveCfg = Release|Any CPU
		{3F715189-A188-40D7-9BF3-F3CBA53DD2D9}.Release|Any CPU.Build.0 = Release|Any CPU
		{E8607110-04DA-4425-86C3-C9E79922F098}.Debug|Any CPU.ActiveCfg = Debug|Any CPU
		{E8607110-04DA-4425-86C3-C9E79922F098}.Debug|Any CPU.Build.0 = Debug|Any CPU
		{E8607110-04DA-4425-86C3-C9E79922F098}.Release|Any CPU.ActiveCfg = Release|Any CPU
		{E8607110-04DA-4425-86C3-C9E79922F098}.Release|Any CPU.Build.0 = Release|Any CPU
		{47EC6059-929B-451B-9AC5-46AFEC1499F3}.Debug|Any CPU.ActiveCfg = Debug|Any CPU
		{47EC6059-929B-451B-9AC5-46AFEC1499F3}.Debug|Any CPU.Build.0 = Debug|Any CPU
		{47EC6059-929B-451B-9AC5-46AFEC1499F3}.Release|Any CPU.ActiveCfg = Release|Any CPU
		{47EC6059-929B-451B-9AC5-46AFEC1499F3}.Release|Any CPU.Build.0 = Release|Any CPU
		{92656745-ED2D-4C8F-8BD2-A34BC1BBA2E8}.Debug|Any CPU.ActiveCfg = Debug|Any CPU
		{92656745-ED2D-4C8F-8BD2-A34BC1BBA2E8}.Debug|Any CPU.Build.0 = Debug|Any CPU
		{92656745-ED2D-4C8F-8BD2-A34BC1BBA2E8}.Release|Any CPU.ActiveCfg = Release|Any CPU
		{92656745-ED2D-4C8F-8BD2-A34BC1BBA2E8}.Release|Any CPU.Build.0 = Release|Any CPU
		{2659C1AB-E659-440C-BB15-F1DF33385F76}.Debug|Any CPU.ActiveCfg = Debug|Any CPU
		{2659C1AB-E659-440C-BB15-F1DF33385F76}.Debug|Any CPU.Build.0 = Debug|Any CPU
		{2659C1AB-E659-440C-BB15-F1DF33385F76}.Release|Any CPU.ActiveCfg = Release|Any CPU
		{2659C1AB-E659-440C-BB15-F1DF33385F76}.Release|Any CPU.Build.0 = Release|Any CPU
		{D39E9075-E36B-4DFA-8BD7-27430865F09F}.Debug|Any CPU.ActiveCfg = Debug|Any CPU
		{D39E9075-E36B-4DFA-8BD7-27430865F09F}.Debug|Any CPU.Build.0 = Debug|Any CPU
		{D39E9075-E36B-4DFA-8BD7-27430865F09F}.Release|Any CPU.ActiveCfg = Release|Any CPU
		{D39E9075-E36B-4DFA-8BD7-27430865F09F}.Release|Any CPU.Build.0 = Release|Any CPU
		{0364ACFC-A846-407D-AE6D-93BC2BD6BD95}.Debug|Any CPU.ActiveCfg = Debug|Any CPU
		{0364ACFC-A846-407D-AE6D-93BC2BD6BD95}.Debug|Any CPU.Build.0 = Debug|Any CPU
		{0364ACFC-A846-407D-AE6D-93BC2BD6BD95}.Release|Any CPU.ActiveCfg = Release|Any CPU
		{0364ACFC-A846-407D-AE6D-93BC2BD6BD95}.Release|Any CPU.Build.0 = Release|Any CPU
		{88227196-D819-4F7E-90A1-F205C57486D7}.Debug|Any CPU.ActiveCfg = Debug|Any CPU
		{88227196-D819-4F7E-90A1-F205C57486D7}.Debug|Any CPU.Build.0 = Debug|Any CPU
		{88227196-D819-4F7E-90A1-F205C57486D7}.Release|Any CPU.ActiveCfg = Release|Any CPU
		{88227196-D819-4F7E-90A1-F205C57486D7}.Release|Any CPU.Build.0 = Release|Any CPU
	EndGlobalSection
	GlobalSection(SolutionProperties) = preSolution
		HideSolutionNode = FALSE
	EndGlobalSection
	GlobalSection(NestedProjects) = preSolution
		{C2C511D7-4A09-431E-8001-C68441BE5871} = {E0544129-B157-4BE7-AB8E-527DCAB0774E}
		{2E3644CB-C3A7-4161-B2E0-74F0DDC5A375} = {E0544129-B157-4BE7-AB8E-527DCAB0774E}
		{93C16E36-05EE-4D3F-AC0B-04CDB851E30E} = {E0544129-B157-4BE7-AB8E-527DCAB0774E}
		{CF164C1F-7A62-4A3F-8CCA-AFE7A0F8D991} = {A3C953F8-4070-4638-B51F-88A613ED602C}
		{01D67992-EF4F-4879-8616-664EDC6F44D1} = {DFEC3388-4A7D-402C-9CAA-3F1B8FFBB6CC}
		{F7F1484E-7ED7-42E5-9987-2D3639608D85} = {5E8E5B65-C4EB-478C-88E0-C1BE992C381F}
		{2FDEE61D-6A8C-4151-8E06-2918D85F5FF0} = {E0544129-B157-4BE7-AB8E-527DCAB0774E}
		{5BAACA75-9DFC-4FA6-B7A3-5F8E226B25ED} = {DFEC3388-4A7D-402C-9CAA-3F1B8FFBB6CC}
		{1991097B-D38E-4741-8366-B0A945CB8955} = {002945CF-F758-43CE-A5B3-E43A27D550CA}
		{C38E50D4-8B90-43EC-8298-B911AC1F0CCE} = {5E8E5B65-C4EB-478C-88E0-C1BE992C381F}
		{D2280E8F-34D6-47E0-BB07-6AA77C4D0D0B} = {5E8E5B65-C4EB-478C-88E0-C1BE992C381F}
		{AD05AFA0-3288-40BA-B50B-5C32C9B3FFAA} = {002945CF-F758-43CE-A5B3-E43A27D550CA}
		{3F715189-A188-40D7-9BF3-F3CBA53DD2D9} = {002945CF-F758-43CE-A5B3-E43A27D550CA}
		{E8607110-04DA-4425-86C3-C9E79922F098} = {A3C953F8-4070-4638-B51F-88A613ED602C}
		{47EC6059-929B-451B-9AC5-46AFEC1499F3} = {DFEC3388-4A7D-402C-9CAA-3F1B8FFBB6CC}
		{92656745-ED2D-4C8F-8BD2-A34BC1BBA2E8} = {002945CF-F758-43CE-A5B3-E43A27D550CA}
		{2659C1AB-E659-440C-BB15-F1DF33385F76} = {B088C377-25AC-4BA6-AF83-33DC2733BE97}
		{D39E9075-E36B-4DFA-8BD7-27430865F09F} = {B088C377-25AC-4BA6-AF83-33DC2733BE97}
		{0364ACFC-A846-407D-AE6D-93BC2BD6BD95} = {5E8E5B65-C4EB-478C-88E0-C1BE992C381F}
	EndGlobalSection
	GlobalSection(ExtensibilityGlobals) = postSolution
		SolutionGuid = {B91B9475-41C6-4A0C-8FA4-2894665CE39D}
	EndGlobalSection
EndGlobal
