
Microsoft Visual Studio Solution File, Format Version 12.00
# Visual Studio Version 17
VisualStudioVersion = 17.11.35312.102
MinimumVisualStudioVersion = 10.0.40219.1
Project("{9A19103F-16F7-4668-BE54-9A1E7A4F7556}") = "StreamDB.Sql", "StreamDB.Sql\StreamDB.Sql.csproj", "{A04B211F-356D-4897-B736-84B9804AD1C9}"
EndProject
Project("{9A19103F-16F7-4668-BE54-9A1E7A4F7556}") = "StreamDB.Contracts", "StreamDB.Contracts\StreamDB.Contracts.csproj", "{EC81C6CA-7426-4DC9-A97E-138FD416856C}"
EndProject
Project("{9A19103F-16F7-4668-BE54-9A1E7A4F7556}") = "StreamDB", "StreamDB\StreamDB.csproj", "{86FFA67A-B6A7-463D-9C35-900D3903BB75}"
EndProject
Project("{FAE04EC0-301F-11D3-BF4B-00C04F79EFBC}") = "StreamDB.Tests", "StreamDB.Tests\StreamDB.Tests.csproj", "{66ECD6E4-0F7F-4997-AD44-4A26695715D4}"
EndProject
Global
	GlobalSection(SolutionConfigurationPlatforms) = preSolution
		Debug|Any CPU = Debug|Any CPU
		Release|Any CPU = Release|Any CPU
	EndGlobalSection
	GlobalSection(ProjectConfigurationPlatforms) = postSolution
		{A04B211F-356D-4897-B736-84B9804AD1C9}.Debug|Any CPU.ActiveCfg = Debug|Any CPU
		{A04B211F-356D-4897-B736-84B9804AD1C9}.Debug|Any CPU.Build.0 = Debug|Any CPU
		{A04B211F-356D-4897-B736-84B9804AD1C9}.Release|Any CPU.ActiveCfg = Release|Any CPU
		{A04B211F-356D-4897-B736-84B9804AD1C9}.Release|Any CPU.Build.0 = Release|Any CPU
		{EC81C6CA-7426-4DC9-A97E-138FD416856C}.Debug|Any CPU.ActiveCfg = Debug|Any CPU
		{EC81C6CA-7426-4DC9-A97E-138FD416856C}.Debug|Any CPU.Build.0 = Debug|Any CPU
		{EC81C6CA-7426-4DC9-A97E-138FD416856C}.Release|Any CPU.ActiveCfg = Release|Any CPU
		{EC81C6CA-7426-4DC9-A97E-138FD416856C}.Release|Any CPU.Build.0 = Release|Any CPU
		{86FFA67A-B6A7-463D-9C35-900D3903BB75}.Debug|Any CPU.ActiveCfg = Debug|Any CPU
		{86FFA67A-B6A7-463D-9C35-900D3903BB75}.Debug|Any CPU.Build.0 = Debug|Any CPU
		{86FFA67A-B6A7-463D-9C35-900D3903BB75}.Release|Any CPU.ActiveCfg = Release|Any CPU
		{86FFA67A-B6A7-463D-9C35-900D3903BB75}.Release|Any CPU.Build.0 = Release|Any CPU
		{66ECD6E4-0F7F-4997-AD44-4A26695715D4}.Debug|Any CPU.ActiveCfg = Debug|Any CPU
		{66ECD6E4-0F7F-4997-AD44-4A26695715D4}.Debug|Any CPU.Build.0 = Debug|Any CPU
		{66ECD6E4-0F7F-4997-AD44-4A26695715D4}.Release|Any CPU.ActiveCfg = Release|Any CPU
		{66ECD6E4-0F7F-4997-AD44-4A26695715D4}.Release|Any CPU.Build.0 = Release|Any CPU
	EndGlobalSection
	GlobalSection(SolutionProperties) = preSolution
		HideSolutionNode = FALSE
	EndGlobalSection
	GlobalSection(ExtensibilityGlobals) = postSolution
		SolutionGuid = {B91B9475-41C6-4A0C-8FA4-2894665CE39D}
	EndGlobalSection
EndGlobal
